
Microsoft Visual Studio Solution File, Format Version 12.00
# Visual Studio Version 17
VisualStudioVersion = 17.7.34009.444
MinimumVisualStudioVersion = 10.0.40219.1
Project("{9A19103F-16F7-4668-BE54-9A1E7A4F7556}") = "Web", "Web\Web.csproj", "{9FAF4581-2E95-4488-8D3D-3D5533A6A00B}"
EndProject
Project("{9A19103F-16F7-4668-BE54-9A1E7A4F7556}") = "AuthAPI", "AuthAPI\AuthAPI.csproj", "{0CCA5E53-1D9D-4B9A-BEC7-43A2E821D147}"
EndProject
Project("{FAE04EC0-301F-11D3-BF4B-00C04F79EFBC}") = "SeleniumTesting", "SeleniumTesting\SeleniumTesting.csproj", "{532A8560-2229-48E8-9049-D04D6E5FD907}"
EndProject
Global
	GlobalSection(SolutionConfigurationPlatforms) = preSolution
		Debug|Any CPU = Debug|Any CPU
		Release|Any CPU = Release|Any CPU
	EndGlobalSection
	GlobalSection(ProjectConfigurationPlatforms) = postSolution
		{9FAF4581-2E95-4488-8D3D-3D5533A6A00B}.Debug|Any CPU.ActiveCfg = Debug|Any CPU
		{9FAF4581-2E95-4488-8D3D-3D5533A6A00B}.Debug|Any CPU.Build.0 = Debug|Any CPU
		{9FAF4581-2E95-4488-8D3D-3D5533A6A00B}.Release|Any CPU.ActiveCfg = Release|Any CPU
		{9FAF4581-2E95-4488-8D3D-3D5533A6A00B}.Release|Any CPU.Build.0 = Release|Any CPU
		{0CCA5E53-1D9D-4B9A-BEC7-43A2E821D147}.Debug|Any CPU.ActiveCfg = Debug|Any CPU
		{0CCA5E53-1D9D-4B9A-BEC7-43A2E821D147}.Debug|Any CPU.Build.0 = Debug|Any CPU
		{0CCA5E53-1D9D-4B9A-BEC7-43A2E821D147}.Release|Any CPU.ActiveCfg = Release|Any CPU
		{0CCA5E53-1D9D-4B9A-BEC7-43A2E821D147}.Release|Any CPU.Build.0 = Release|Any CPU
		{532A8560-2229-48E8-9049-D04D6E5FD907}.Debug|Any CPU.ActiveCfg = Debug|Any CPU
		{532A8560-2229-48E8-9049-D04D6E5FD907}.Debug|Any CPU.Build.0 = Debug|Any CPU
		{532A8560-2229-48E8-9049-D04D6E5FD907}.Release|Any CPU.ActiveCfg = Release|Any CPU
		{532A8560-2229-48E8-9049-D04D6E5FD907}.Release|Any CPU.Build.0 = Release|Any CPU
	EndGlobalSection
	GlobalSection(SolutionProperties) = preSolution
		HideSolutionNode = FALSE
	EndGlobalSection
	GlobalSection(ExtensibilityGlobals) = postSolution
		SolutionGuid = {31DAC2EC-F6B6-4CF2-AF9D-E00CBE106082}
	EndGlobalSection
EndGlobal
